{
  "name": "auth",
  "version": "0.1.0",
  "lockfileVersion": 3,
  "requires": true,
  "packages": {
    "": {
      "name": "auth",
      "version": "0.1.0",
      "dependencies": {
        "@azure/arm-authorization": "^9.0.0",
        "@azure/arm-resources": "^6.0.0",
        "@azure/arm-storage": "^18.0.0",
        "@azure/identity": "^4.4.0",
        "@octokit/app": "^15.0.0",
        "@octokit/rest": "^21.0.0",
        "dotenv": "^16.4.5"
      }
    },
    "../../node_modules/.pnpm/@azure+arm-resources@6.1.0/node_modules/@azure/arm-resources": {
      "version": "6.1.0",
      "license": "MIT",
      "dependencies": {
        "@azure/abort-controller": "^2.1.2",
        "@azure/core-auth": "^1.9.0",
        "@azure/core-client": "^1.9.2",
        "@azure/core-lro": "^2.5.4",
        "@azure/core-paging": "^1.6.2",
        "@azure/core-rest-pipeline": "^1.19.0",
        "tslib": "^2.8.1"
      },
      "devDependencies": {
        "@azure-tools/test-credential": "^2.0.0",
        "@azure-tools/test-recorder": "^4.1.0",
        "@azure-tools/test-utils-vitest": "^1.0.0",
        "@azure/dev-tool": "^1.0.0",
        "@azure/identity": "^4.7.0",
        "@azure/logger": "^1.1.4",
        "@types/node": "^18.0.0",
        "@vitest/browser": "^3.0.9",
        "@vitest/coverage-istanbul": "^3.0.9",
        "dotenv": "^16.0.0",
        "playwright": "^1.50.1",
        "typescript": "~5.8.2",
        "vitest": "^3.0.9"
      },
      "engines": {
        "node": ">=18.0.0"
      }
    },
    "../../node_modules/.pnpm/@azure+arm-storage@18.6.0/node_modules/@azure/arm-storage": {
      "version": "18.6.0",
      "license": "MIT",
      "dependencies": {
        "@azure/abort-controller": "^2.1.2",
        "@azure/core-auth": "^1.9.0",
        "@azure/core-client": "^1.9.3",
        "@azure/core-lro": "^2.5.4",
        "@azure/core-paging": "^1.6.2",
        "@azure/core-rest-pipeline": "^1.19.1",
        "tslib": "^2.8.1"
      },
      "devDependencies": {
        "@azure-tools/test-credential": "^2.0.0",
        "@azure-tools/test-recorder": "^4.1.0",
        "@azure-tools/test-utils-vitest": "^1.0.0",
        "@azure/dev-tool": "^1.0.0",
        "@azure/identity": "^4.9.0",
        "@azure/logger": "^1.1.4",
        "@types/node": "^20.0.0",
        "@vitest/browser": "^3.0.9",
        "@vitest/coverage-istanbul": "^3.0.9",
        "dotenv": "^16.0.0",
        "playwright": "^1.52.0",
        "typescript": "~5.8.2",
        "vitest": "^3.0.9"
      },
      "engines": {
        "node": ">=20.0.0"
      }
    },
    "../../node_modules/.pnpm/@azure+identity@4.11.1/node_modules/@azure/identity": {
      "version": "4.11.1",
      "license": "MIT",
      "dependencies": {
        "@azure/abort-controller": "^2.0.0",
        "@azure/core-auth": "^1.9.0",
        "@azure/core-client": "^1.9.2",
        "@azure/core-rest-pipeline": "^1.17.0",
        "@azure/core-tracing": "^1.0.0",
        "@azure/core-util": "^1.11.0",
        "@azure/logger": "^1.0.0",
        "@azure/msal-browser": "^4.2.0",
        "@azure/msal-node": "^3.5.0",
        "open": "^10.1.0",
        "tslib": "^2.2.0"
      },
      "devDependencies": {
        "@azure-tools/test-recorder": "^4.1.0",
        "@azure-tools/test-utils-vitest": "^1.0.0",
        "@azure/dev-tool": "^1.0.0",
        "@azure/eslint-plugin-azure-sdk": "^3.0.0",
        "@azure/keyvault-keys": "^4.2.0",
        "@types/jsonwebtoken": "^9.0.0",
        "@types/ms": "^2.1.0",
        "@types/node": "^20.0.0",
        "@vitest/browser": "^3.0.9",
        "@vitest/coverage-istanbul": "^3.0.9",
        "assertion-error": "^2.0.1",
        "dotenv": "^16.0.0",
        "eslint": "^9.9.0",
        "jsonwebtoken": "^9.0.0",
        "ms": "^2.1.3",
        "playwright": "^1.48.2",
        "typescript": "~5.8.2",
        "vitest": "^3.0.9"
      },
      "engines": {
        "node": ">=20.0.0"
      }
    },
    "../../node_modules/.pnpm/@octokit+app@15.1.6/node_modules/@octokit/app": {
      "version": "15.1.6",
      "license": "MIT",
      "dependencies": {
        "@octokit/auth-app": "^7.2.1",
        "@octokit/auth-unauthenticated": "^6.1.3",
        "@octokit/core": "^6.1.5",
        "@octokit/oauth-app": "^7.1.6",
        "@octokit/plugin-paginate-rest": "^12.0.0",
        "@octokit/types": "^14.0.0",
        "@octokit/webhooks": "^13.6.1"
      },
      "devDependencies": {
        "@octokit/tsconfig": "^4.0.0",
        "@types/node": "^22.0.0",
        "@vitest/coverage-v8": "^3.0.0",
        "esbuild": "^0.25.0",
        "express": "^4.17.1",
        "fetch-mock": "^12.0.0",
        "glob": "^10.0.0",
        "mockdate": "^3.0.2",
        "prettier": "3.5.3",
        "semantic-release-plugin-update-version-in-files": "^2.0.0",
        "typescript": "^5.0.0",
        "vitest": "^3.0.0"
      },
      "engines": {
        "node": ">= 18"
      }
    },
    "../../node_modules/.pnpm/@octokit+rest@21.1.1/node_modules/@octokit/rest": {
      "version": "21.1.1",
      "license": "MIT",
      "dependencies": {
        "@octokit/core": "^6.1.4",
        "@octokit/plugin-paginate-rest": "^11.4.2",
        "@octokit/plugin-request-log": "^5.3.1",
        "@octokit/plugin-rest-endpoint-methods": "^13.3.0"
      },
      "devDependencies": {
        "@octokit/auth-action": "^5.1.1",
        "@octokit/auth-app": "^7.1.4",
        "@octokit/fixtures-server": "^8.1.0",
        "@octokit/request": "^9.2.1",
        "@octokit/tsconfig": "^4.0.0",
        "@types/node": "^22.0.0",
        "@vitest/coverage-v8": "^3.0.0",
        "esbuild": "^0.25.0",
        "fetch-mock": "^12.0.0",
        "glob": "^11.0.0",
        "nock": "^14.0.0-beta.8",
        "prettier": "^3.2.4",
        "semantic-release-plugin-update-version-in-files": "^1.1.0",
        "typescript": "^5.3.3",
        "undici": "^6.4.0",
        "vitest": "^3.0.0"
      },
      "engines": {
        "node": ">= 18"
      }
    },
    "../../node_modules/.pnpm/dotenv@16.6.1/node_modules/dotenv": {
      "version": "16.6.1",
      "license": "BSD-2-Clause",
      "devDependencies": {
        "@types/node": "^18.11.3",
        "decache": "^4.6.2",
        "sinon": "^14.0.1",
        "standard": "^17.0.0",
        "standard-version": "^9.5.0",
        "tap": "^19.2.0",
        "typescript": "^4.8.4"
      },
      "engines": {
        "node": ">=12"
      },
      "funding": {
        "url": "https://dotenvx.com"
      }
    },
    "node_modules/@azure/abort-controller": {
      "version": "2.1.2",
      "resolved": "https://registry.npmjs.org/@azure/abort-controller/-/abort-controller-2.1.2.tgz",
      "integrity": "sha512-nBrLsEWm4J2u5LpAPjxADTlq3trDgVZZXHNKabeXZtpq3d3AbN/KGO82R87rdDz5/lYB024rtEf10/q0urNgsA==",
      "license": "MIT",
      "dependencies": {
        "tslib": "^2.6.2"
      },
      "engines": {
        "node": ">=18.0.0"
      }
    },
    "node_modules/@azure/arm-authorization": {
      "version": "9.0.0",
      "resolved": "https://registry.npmjs.org/@azure/arm-authorization/-/arm-authorization-9.0.0.tgz",
      "integrity": "sha512-GdiCA8IA1gO+qcCbFEPj+iLC4+3ByjfKzmeAnkP7MdlL84Yo30Huo/EwbZzwRjYybXYUBuFxGPBB+yeTT4Ebxg==",
      "license": "MIT",
      "dependencies": {
        "@azure/core-auth": "^1.3.0",
        "@azure/core-client": "^1.7.0",
        "@azure/core-paging": "^1.2.0",
        "@azure/core-rest-pipeline": "^1.8.0",
        "tslib": "^2.2.0"
      },
      "engines": {
        "node": ">=14.0.0"
      }
    },
    "node_modules/@azure/arm-resources": {
      "resolved": "../../node_modules/.pnpm/@azure+arm-resources@6.1.0/node_modules/@azure/arm-resources",
      "link": true
    },
    "node_modules/@azure/arm-storage": {
      "resolved": "../../node_modules/.pnpm/@azure+arm-storage@18.6.0/node_modules/@azure/arm-storage",
      "link": true
    },
    "node_modules/@azure/core-auth": {
      "version": "1.10.0",
      "resolved": "https://registry.npmjs.org/@azure/core-auth/-/core-auth-1.10.0.tgz",
      "integrity": "sha512-88Djs5vBvGbHQHf5ZZcaoNHo6Y8BKZkt3cw2iuJIQzLEgH4Ox6Tm4hjFhbqOxyYsgIG/eJbFEHpxRIfEEWv5Ow==",
      "license": "MIT",
      "dependencies": {
        "@azure/abort-controller": "^2.0.0",
        "@azure/core-util": "^1.11.0",
        "tslib": "^2.6.2"
      },
      "engines": {
        "node": ">=20.0.0"
      }
    },
    "node_modules/@azure/core-client": {
      "version": "1.10.0",
      "resolved": "https://registry.npmjs.org/@azure/core-client/-/core-client-1.10.0.tgz",
      "integrity": "sha512-O4aP3CLFNodg8eTHXECaH3B3CjicfzkxVtnrfLkOq0XNP7TIECGfHpK/C6vADZkWP75wzmdBnsIA8ksuJMk18g==",
      "license": "MIT",
      "dependencies": {
        "@azure/abort-controller": "^2.0.0",
        "@azure/core-auth": "^1.4.0",
        "@azure/core-rest-pipeline": "^1.20.0",
        "@azure/core-tracing": "^1.0.0",
        "@azure/core-util": "^1.6.1",
        "@azure/logger": "^1.0.0",
        "tslib": "^2.6.2"
      },
      "engines": {
        "node": ">=20.0.0"
      }
    },
    "node_modules/@azure/core-paging": {
      "version": "1.6.2",
      "resolved": "https://registry.npmjs.org/@azure/core-paging/-/core-paging-1.6.2.tgz",
      "integrity": "sha512-YKWi9YuCU04B55h25cnOYZHxXYtEvQEbKST5vqRga7hWY9ydd3FZHdeQF8pyh+acWZvppw13M/LMGx0LABUVMA==",
      "license": "MIT",
      "dependencies": {
        "tslib": "^2.6.2"
      },
      "engines": {
        "node": ">=18.0.0"
      }
    },
    "node_modules/@azure/core-rest-pipeline": {
      "version": "1.22.0",
      "resolved": "https://registry.npmjs.org/@azure/core-rest-pipeline/-/core-rest-pipeline-1.22.0.tgz",
      "integrity": "sha512-OKHmb3/Kpm06HypvB3g6Q3zJuvyXcpxDpCS1PnU8OV6AJgSFaee/covXBcPbWc6XDDxtEPlbi3EMQ6nUiPaQtw==",
      "license": "MIT",
      "dependencies": {
        "@azure/abort-controller": "^2.0.0",
        "@azure/core-auth": "^1.8.0",
        "@azure/core-tracing": "^1.0.1",
        "@azure/core-util": "^1.11.0",
        "@azure/logger": "^1.0.0",
        "@typespec/ts-http-runtime": "^0.3.0",
        "tslib": "^2.6.2"
      },
      "engines": {
        "node": ">=20.0.0"
      }
    },
    "node_modules/@azure/core-tracing": {
      "version": "1.3.0",
      "resolved": "https://registry.npmjs.org/@azure/core-tracing/-/core-tracing-1.3.0.tgz",
      "integrity": "sha512-+XvmZLLWPe67WXNZo9Oc9CrPj/Tm8QnHR92fFAFdnbzwNdCH1h+7UdpaQgRSBsMY+oW1kHXNUZQLdZ1gHX3ROw==",
      "license": "MIT",
      "dependencies": {
        "tslib": "^2.6.2"
      },
      "engines": {
        "node": ">=20.0.0"
      }
    },
    "node_modules/@azure/core-util": {
      "version": "1.13.0",
      "resolved": "https://registry.npmjs.org/@azure/core-util/-/core-util-1.13.0.tgz",
      "integrity": "sha512-o0psW8QWQ58fq3i24Q1K2XfS/jYTxr7O1HRcyUE9bV9NttLU+kYOH82Ixj8DGlMTOWgxm1Sss2QAfKK5UkSPxw==",
      "license": "MIT",
      "dependencies": {
        "@azure/abort-controller": "^2.0.0",
        "@typespec/ts-http-runtime": "^0.3.0",
        "tslib": "^2.6.2"
      },
      "engines": {
        "node": ">=20.0.0"
      }
    },
    "node_modules/@azure/identity": {
      "resolved": "../../node_modules/.pnpm/@azure+identity@4.11.1/node_modules/@azure/identity",
      "link": true
    },
    "node_modules/@azure/logger": {
      "version": "1.3.0",
      "resolved": "https://registry.npmjs.org/@azure/logger/-/logger-1.3.0.tgz",
      "integrity": "sha512-fCqPIfOcLE+CGqGPd66c8bZpwAji98tZ4JI9i/mlTNTlsIWslCfpg48s/ypyLxZTump5sypjrKn2/kY7q8oAbA==",
      "license": "MIT",
      "dependencies": {
        "@typespec/ts-http-runtime": "^0.3.0",
        "tslib": "^2.6.2"
      },
      "engines": {
        "node": ">=20.0.0"
      }
    },
    "node_modules/@octokit/app": {
      "resolved": "../../node_modules/.pnpm/@octokit+app@15.1.6/node_modules/@octokit/app",
      "link": true
    },
    "node_modules/@octokit/rest": {
      "resolved": "../../node_modules/.pnpm/@octokit+rest@21.1.1/node_modules/@octokit/rest",
      "link": true
    },
    "node_modules/@typespec/ts-http-runtime": {
      "version": "0.3.0",
      "resolved": "https://registry.npmjs.org/@typespec/ts-http-runtime/-/ts-http-runtime-0.3.0.tgz",
      "integrity": "sha512-sOx1PKSuFwnIl7z4RN0Ls7N9AQawmR9r66eI5rFCzLDIs8HTIYrIpH9QjYWoX0lkgGrkLxXhi4QnK7MizPRrIg==",
      "license": "MIT",
      "dependencies": {
        "http-proxy-agent": "^7.0.0",
        "https-proxy-agent": "^7.0.0",
        "tslib": "^2.6.2"
      },
      "engines": {
        "node": ">=20.0.0"
      }
    },
    "node_modules/agent-base": {
      "version": "7.1.4",
      "resolved": "https://registry.npmjs.org/agent-base/-/agent-base-7.1.4.tgz",
      "integrity": "sha512-MnA+YT8fwfJPgBx3m60MNqakm30XOkyIoH1y6huTQvC0PwZG7ki8NacLBcrPbNoo8vEZy7Jpuk7+jMO+CUovTQ==",
      "license": "MIT",
      "engines": {
        "node": ">= 14"
      }
    },
    "node_modules/debug": {
      "version": "4.4.1",
      "resolved": "https://registry.npmjs.org/debug/-/debug-4.4.1.tgz",
      "integrity": "sha512-KcKCqiftBJcZr++7ykoDIEwSa3XWowTfNPo92BYxjXiyYEVrUQh2aLyhxBCwww+heortUFxEJYcRzosstTEBYQ==",
      "license": "MIT",
      "dependencies": {
        "ms": "^2.1.3"
      },
      "engines": {
        "node": ">=6.0"
      },
      "peerDependenciesMeta": {
        "supports-color": {
          "optional": true
        }
      }
    },
    "node_modules/dotenv": {
      "resolved": "../../node_modules/.pnpm/dotenv@16.6.1/node_modules/dotenv",
      "link": true
    },
    "node_modules/http-proxy-agent": {
      "version": "7.0.2",
      "resolved": "https://registry.npmjs.org/http-proxy-agent/-/http-proxy-agent-7.0.2.tgz",
      "integrity": "sha512-T1gkAiYYDWYx3V5Bmyu7HcfcvL7mUrTWiM6yOfa3PIphViJ/gFPbvidQ+veqSOHci/PxBcDabeUNCzpOODJZig==",
      "license": "MIT",
      "dependencies": {
        "agent-base": "^7.1.0",
        "debug": "^4.3.4"
      },
      "engines": {
        "node": ">= 14"
      }
    },
    "node_modules/https-proxy-agent": {
      "version": "7.0.6",
      "resolved": "https://registry.npmjs.org/https-proxy-agent/-/https-proxy-agent-7.0.6.tgz",
      "integrity": "sha512-vK9P5/iUfdl95AI+JVyUuIcVtd4ofvtrOr3HNtM2yxC9bnMbEdp3x01OhQNnjb8IJYi38VlTE3mBXwcfvywuSw==",
      "license": "MIT",
      "dependencies": {
        "agent-base": "^7.1.2",
        "debug": "4"
      },
      "engines": {
        "node": ">= 14"
      }
    },
    "node_modules/ms": {
      "version": "2.1.3",
      "resolved": "https://registry.npmjs.org/ms/-/ms-2.1.3.tgz",
      "integrity": "sha512-6FlzubTLZG3J2a/NVCAleEhjzq5oxgHyaCU9yYXvcLsvoVaHJq/s5xXI6/XXP6tz7R9xAOtHnSO/tXtF3WRTlA==",
      "license": "MIT"
    },
    "node_modules/tslib": {
      "version": "2.8.1",
      "resolved": "https://registry.npmjs.org/tslib/-/tslib-2.8.1.tgz",
      "integrity": "sha512-oJFu94HQb+KVduSUQL7wnpmqnfmLsOA/nAh6b6EH0wCEoK0/mPeXU6c3wKDV83MkOuHPRHtSXKKU99IBazS/2w==",
      "license": "0BSD"
    }
  }
}
